
Microsoft Visual Studio Solution File, Format Version 12.00
# Visual Studio Version 17
VisualStudioVersion = 17.1.31911.260
MinimumVisualStudioVersion = 15.0.26124.0
Project("{2150E333-8FDC-42A3-9474-1A3956D46DE8}") = "Solution Items", "Solution Items", "{1CE9670B-D5FF-46A7-9D00-24E70E6ED48B}"
	ProjectSection(SolutionItems) = preProject
		.editorconfig = .editorconfig
		.globalconfig = .globalconfig
		Directory.Build.props = Directory.Build.props
		Directory.Build.targets = Directory.Build.targets
		global.json = global.json
		nuget.config = nuget.config
		README.md = README.md
		stylecop.json = stylecop.json
		version.json = version.json
	EndProjectSection
EndProject
Project("{2150E333-8FDC-42A3-9474-1A3956D46DE8}") = "src", "src", "{9E154A29-1796-4B85-BD81-B6A385D8FF71}"
	ProjectSection(SolutionItems) = preProject
		src\.editorconfig = src\.editorconfig
		src\Directory.Build.props = src\Directory.Build.props
		src\Directory.Build.targets = src\Directory.Build.targets
	EndProjectSection
EndProject
Project("{2150E333-8FDC-42A3-9474-1A3956D46DE8}") = "test", "test", "{36CCE840-6FE5-4DB9-A8D5-8CF3CB6D342A}"
	ProjectSection(SolutionItems) = preProject
		test\.editorconfig = test\.editorconfig
		test\Directory.Build.props = test\Directory.Build.props
		test\Directory.Build.targets = test\Directory.Build.targets
	EndProjectSection
EndProject
Project("{2150E333-8FDC-42A3-9474-1A3956D46DE8}") = "src", "src", "{40F30440-8972-4F18-A136-58DDF0682A6D}"
EndProject
Project("{2150E333-8FDC-42A3-9474-1A3956D46DE8}") = "test", "test", "{35FCDE61-70BB-4785-B1D7-9385756EFAAC}"
EndProject
Project("{9A19103F-16F7-4668-BE54-9A1E7A4F7556}") = "TunnelVisionLabs.LanguageTypes.SourceGenerator", "src\TunnelVisionLabs.LanguageTypes.SourceGenerator\TunnelVisionLabs.LanguageTypes.SourceGenerator.csproj", "{B38698C8-7639-427B-8EA2-07DB81883C7F}"
EndProject
Project("{9A19103F-16F7-4668-BE54-9A1E7A4F7556}") = "TunnelVisionLabs.LanguageTypes.SourceGenerator.UnitTests", "test\TunnelVisionLabs.LanguageTypes.SourceGenerator.UnitTests\TunnelVisionLabs.LanguageTypes.SourceGenerator.UnitTests.csproj", "{39FE6380-C7B9-41B4-A103-93E537A79E5A}"
EndProject
Global
	GlobalSection(SolutionConfigurationPlatforms) = preSolution
		Debug|Any CPU = Debug|Any CPU
		Release|Any CPU = Release|Any CPU
	EndGlobalSection
	GlobalSection(ProjectConfigurationPlatforms) = postSolution
		{B38698C8-7639-427B-8EA2-07DB81883C7F}.Debug|Any CPU.ActiveCfg = Debug|Any CPU
		{B38698C8-7639-427B-8EA2-07DB81883C7F}.Debug|Any CPU.Build.0 = Debug|Any CPU
		{B38698C8-7639-427B-8EA2-07DB81883C7F}.Release|Any CPU.ActiveCfg = Release|Any CPU
		{B38698C8-7639-427B-8EA2-07DB81883C7F}.Release|Any CPU.Build.0 = Release|Any CPU
		{39FE6380-C7B9-41B4-A103-93E537A79E5A}.Debug|Any CPU.ActiveCfg = Debug|Any CPU
		{39FE6380-C7B9-41B4-A103-93E537A79E5A}.Debug|Any CPU.Build.0 = Debug|Any CPU
		{39FE6380-C7B9-41B4-A103-93E537A79E5A}.Release|Any CPU.ActiveCfg = Release|Any CPU
		{39FE6380-C7B9-41B4-A103-93E537A79E5A}.Release|Any CPU.Build.0 = Release|Any CPU
	EndGlobalSection
	GlobalSection(SolutionProperties) = preSolution
		HideSolutionNode = FALSE
	EndGlobalSection
	GlobalSection(NestedProjects) = preSolution
		{9E154A29-1796-4B85-BD81-B6A385D8FF71} = {1CE9670B-D5FF-46A7-9D00-24E70E6ED48B}
		{36CCE840-6FE5-4DB9-A8D5-8CF3CB6D342A} = {1CE9670B-D5FF-46A7-9D00-24E70E6ED48B}
		{B38698C8-7639-427B-8EA2-07DB81883C7F} = {40F30440-8972-4F18-A136-58DDF0682A6D}
		{39FE6380-C7B9-41B4-A103-93E537A79E5A} = {35FCDE61-70BB-4785-B1D7-9385756EFAAC}
	EndGlobalSection
	GlobalSection(ExtensibilityGlobals) = postSolution
		SolutionGuid = {E3944F6A-384B-4B0F-B93F-3BD513DC57BD}
	EndGlobalSection
EndGlobal
